
Microsoft Visual Studio Solution File, Format Version 12.00
# Visual Studio Version 17
VisualStudioVersion = 17.10.35013.160
MinimumVisualStudioVersion = 10.0.40219.1
Project("{FAE04EC0-301F-11D3-BF4B-00C04F79EFBC}") = "OrderService", "OrderService\OrderService\OrderService.csproj", "{7A314983-28E0-4AE1-8607-8F634F3DAE92}"
EndProject
Project("{FAE04EC0-301F-11D3-BF4B-00C04F79EFBC}") = "InventoryService", "InventoryService\InventoryService\InventoryService.csproj", "{150F6447-8ED1-46F8-A492-B1DD9711680D}"
EndProject
Global
	GlobalSection(SolutionConfigurationPlatforms) = preSolution
		Debug|Any CPU = Debug|Any CPU
		Release|Any CPU = Release|Any CPU
	EndGlobalSection
	GlobalSection(ProjectConfigurationPlatforms) = postSolution
		{7A314983-28E0-4AE1-8607-8F634F3DAE92}.Debug|Any CPU.ActiveCfg = Debug|Any CPU
		{7A314983-28E0-4AE1-8607-8F634F3DAE92}.Debug|Any CPU.Build.0 = Debug|Any CPU
		{7A314983-28E0-4AE1-8607-8F634F3DAE92}.Release|Any CPU.ActiveCfg = Release|Any CPU
		{7A314983-28E0-4AE1-8607-8F634F3DAE92}.Release|Any CPU.Build.0 = Release|Any CPU
		{150F6447-8ED1-46F8-A492-B1DD9711680D}.Debug|Any CPU.ActiveCfg = Debug|Any CPU
		{150F6447-8ED1-46F8-A492-B1DD9711680D}.Debug|Any CPU.Build.0 = Debug|Any CPU
		{150F6447-8ED1-46F8-A492-B1DD9711680D}.Release|Any CPU.ActiveCfg = Release|Any CPU
		{150F6447-8ED1-46F8-A492-B1DD9711680D}.Release|Any CPU.Build.0 = Release|Any CPU
	EndGlobalSection
	GlobalSection(SolutionProperties) = preSolution
		HideSolutionNode = FALSE
	EndGlobalSection
	GlobalSection(ExtensibilityGlobals) = postSolution
		SolutionGuid = {C3D57980-4197-49F5-8C4A-6014858B4DFA}
	EndGlobalSection
EndGlobal
