
Microsoft Visual Studio Solution File, Format Version 12.00
# Visual Studio Version 17
VisualStudioVersion = 17.10.35013.160
MinimumVisualStudioVersion = 10.0.40219.1
Project("{FAE04EC0-301F-11D3-BF4B-00C04F79EFBC}") = "DockerConsoleApp", "DockerConsoleApp\DockerConsoleApp.csproj", "{F96FABDD-5B81-47CE-AF29-431C4C527008}"
EndProject
Global
	GlobalSection(SolutionConfigurationPlatforms) = preSolution
		Debug|Any CPU = Debug|Any CPU
		Release|Any CPU = Release|Any CPU
	EndGlobalSection
	GlobalSection(ProjectConfigurationPlatforms) = postSolution
		{F96FABDD-5B81-47CE-AF29-431C4C527008}.Debug|Any CPU.ActiveCfg = Debug|Any CPU
		{F96FABDD-5B81-47CE-AF29-431C4C527008}.Debug|Any CPU.Build.0 = Debug|Any CPU
		{F96FABDD-5B81-47CE-AF29-431C4C527008}.Release|Any CPU.ActiveCfg = Release|Any CPU
		{F96FABDD-5B81-47CE-AF29-431C4C527008}.Release|Any CPU.Build.0 = Release|Any CPU
	EndGlobalSection
	GlobalSection(SolutionProperties) = preSolution
		HideSolutionNode = FALSE
	EndGlobalSection
	GlobalSection(ExtensibilityGlobals) = postSolution
		SolutionGuid = {6AE95011-8166-4B62-89CD-DE719004B31F}
	EndGlobalSection
EndGlobal
