
Microsoft Visual Studio Solution File, Format Version 12.00
# Visual Studio Version 17
VisualStudioVersion = 17.10.35013.160
MinimumVisualStudioVersion = 10.0.40219.1
Project("{FAE04EC0-301F-11D3-BF4B-00C04F79EFBC}") = "KeyVault", "KeyVault\KeyVault.csproj", "{7E84B5F6-F006-42BF-9774-D257F62B27E3}"
EndProject
Global
	GlobalSection(SolutionConfigurationPlatforms) = preSolution
		Debug|Any CPU = Debug|Any CPU
		Release|Any CPU = Release|Any CPU
	EndGlobalSection
	GlobalSection(ProjectConfigurationPlatforms) = postSolution
		{7E84B5F6-F006-42BF-9774-D257F62B27E3}.Debug|Any CPU.ActiveCfg = Debug|Any CPU
		{7E84B5F6-F006-42BF-9774-D257F62B27E3}.Debug|Any CPU.Build.0 = Debug|Any CPU
		{7E84B5F6-F006-42BF-9774-D257F62B27E3}.Release|Any CPU.ActiveCfg = Release|Any CPU
		{7E84B5F6-F006-42BF-9774-D257F62B27E3}.Release|Any CPU.Build.0 = Release|Any CPU
	EndGlobalSection
	GlobalSection(SolutionProperties) = preSolution
		HideSolutionNode = FALSE
	EndGlobalSection
	GlobalSection(ExtensibilityGlobals) = postSolution
		SolutionGuid = {582DDEFD-8E90-4135-A7A8-1D58E59ABDFC}
	EndGlobalSection
EndGlobal
